
Microsoft Visual Studio Solution File, Format Version 12.00
# Visual Studio Version 17
VisualStudioVersion = 17.0.32014.148
MinimumVisualStudioVersion = 10.0.40219.1
Project("{9A19103F-16F7-4668-BE54-9A1E7A4F7556}") = "DalFacade", "DalFacade\DalFacade.csproj", "{99F4B765-66BA-4360-9E4B-7D97A7090E4C}"
EndProject
Project("{9A19103F-16F7-4668-BE54-9A1E7A4F7556}") = "DalList", "DalList\DalList.csproj", "{F55A8BB7-DCF6-4D7B-9141-70AA0A799889}"
EndProject
Project("{9A19103F-16F7-4668-BE54-9A1E7A4F7556}") = "DalTest", "DalTest\DalTest.csproj", "{A333BDB7-1845-446D-8C86-A27234766409}"
EndProject
Project("{9A19103F-16F7-4668-BE54-9A1E7A4F7556}") = "BL", "Bl\BL.csproj", "{B5309200-7A8A-4E63-AFCE-22D5063ECC28}"
	ProjectSection(ProjectDependencies) = postProject
		{99F4B765-66BA-4360-9E4B-7D97A7090E4C} = {99F4B765-66BA-4360-9E4B-7D97A7090E4C}
		{F55A8BB7-DCF6-4D7B-9141-70AA0A799889} = {F55A8BB7-DCF6-4D7B-9141-70AA0A799889}
	EndProjectSection
EndProject
Project("{9A19103F-16F7-4668-BE54-9A1E7A4F7556}") = "BlTest", "BlTest\BlTest.csproj", "{8102355E-055D-4F10-A01D-790F129D8880}"
	ProjectSection(ProjectDependencies) = postProject
		{B5309200-7A8A-4E63-AFCE-22D5063ECC28} = {B5309200-7A8A-4E63-AFCE-22D5063ECC28}
	EndProjectSection
EndProject
Project("{9A19103F-16F7-4668-BE54-9A1E7A4F7556}") = "PL", "PL\PL.csproj", "{7AE433B7-3050-453B-8124-C631B312011F}"
EndProject
Project("{2150E333-8FDC-42A3-9474-1A3956D46DE8}") = "xml", "xml", "{5DB1FB2A-B562-4FB5-85C2-1B340BE69859}"
	ProjectSection(SolutionItems) = preProject
		xml\dal-config.xml = xml\dal-config.xml
		xml\Order.xml = xml\Order.xml
		xml\OrderItem.xml = xml\OrderItem.xml
		xml\Product.xml = xml\Product.xml
	EndProjectSection
EndProject
Project("{9A19103F-16F7-4668-BE54-9A1E7A4F7556}") = "DalXml", "DalXml\DalXml.csproj", "{746FC5C6-FE25-4456-9868-ABAA56951EE6}"
EndProject
Project("{FAE04EC0-301F-11D3-BF4B-00C04F79EFBC}") = "XmlProgram", "XmlProgram\XmlProgram.csproj", "{9AA8B1B6-D553-4B9F-AB9A-573BFBB0015C}"
EndProject
Global
	GlobalSection(SolutionConfigurationPlatforms) = preSolution
		Debug|Any CPU = Debug|Any CPU
		Release|Any CPU = Release|Any CPU
	EndGlobalSection
	GlobalSection(ProjectConfigurationPlatforms) = postSolution
		{99F4B765-66BA-4360-9E4B-7D97A7090E4C}.Debug|Any CPU.ActiveCfg = Debug|Any CPU
		{99F4B765-66BA-4360-9E4B-7D97A7090E4C}.Debug|Any CPU.Build.0 = Debug|Any CPU
		{99F4B765-66BA-4360-9E4B-7D97A7090E4C}.Release|Any CPU.ActiveCfg = Release|Any CPU
		{99F4B765-66BA-4360-9E4B-7D97A7090E4C}.Release|Any CPU.Build.0 = Release|Any CPU
		{F55A8BB7-DCF6-4D7B-9141-70AA0A799889}.Debug|Any CPU.ActiveCfg = Debug|Any CPU
		{F55A8BB7-DCF6-4D7B-9141-70AA0A799889}.Debug|Any CPU.Build.0 = Debug|Any CPU
		{F55A8BB7-DCF6-4D7B-9141-70AA0A799889}.Release|Any CPU.ActiveCfg = Release|Any CPU
		{F55A8BB7-DCF6-4D7B-9141-70AA0A799889}.Release|Any CPU.Build.0 = Release|Any CPU
		{A333BDB7-1845-446D-8C86-A27234766409}.Debug|Any CPU.ActiveCfg = Debug|Any CPU
		{A333BDB7-1845-446D-8C86-A27234766409}.Debug|Any CPU.Build.0 = Debug|Any CPU
		{A333BDB7-1845-446D-8C86-A27234766409}.Release|Any CPU.ActiveCfg = Release|Any CPU
		{A333BDB7-1845-446D-8C86-A27234766409}.Release|Any CPU.Build.0 = Release|Any CPU
		{B5309200-7A8A-4E63-AFCE-22D5063ECC28}.Debug|Any CPU.ActiveCfg = Debug|Any CPU
		{B5309200-7A8A-4E63-AFCE-22D5063ECC28}.Debug|Any CPU.Build.0 = Debug|Any CPU
		{B5309200-7A8A-4E63-AFCE-22D5063ECC28}.Release|Any CPU.ActiveCfg = Release|Any CPU
		{B5309200-7A8A-4E63-AFCE-22D5063ECC28}.Release|Any CPU.Build.0 = Release|Any CPU
		{8102355E-055D-4F10-A01D-790F129D8880}.Debug|Any CPU.ActiveCfg = Debug|Any CPU
		{8102355E-055D-4F10-A01D-790F129D8880}.Debug|Any CPU.Build.0 = Debug|Any CPU
		{8102355E-055D-4F10-A01D-790F129D8880}.Release|Any CPU.ActiveCfg = Release|Any CPU
		{8102355E-055D-4F10-A01D-790F129D8880}.Release|Any CPU.Build.0 = Release|Any CPU
		{7AE433B7-3050-453B-8124-C631B312011F}.Debug|Any CPU.ActiveCfg = Debug|Any CPU
		{7AE433B7-3050-453B-8124-C631B312011F}.Debug|Any CPU.Build.0 = Debug|Any CPU
		{7AE433B7-3050-453B-8124-C631B312011F}.Release|Any CPU.ActiveCfg = Release|Any CPU
		{7AE433B7-3050-453B-8124-C631B312011F}.Release|Any CPU.Build.0 = Release|Any CPU
		{746FC5C6-FE25-4456-9868-ABAA56951EE6}.Debug|Any CPU.ActiveCfg = Debug|Any CPU
		{746FC5C6-FE25-4456-9868-ABAA56951EE6}.Debug|Any CPU.Build.0 = Debug|Any CPU
		{746FC5C6-FE25-4456-9868-ABAA56951EE6}.Release|Any CPU.ActiveCfg = Release|Any CPU
		{746FC5C6-FE25-4456-9868-ABAA56951EE6}.Release|Any CPU.Build.0 = Release|Any CPU
		{9AA8B1B6-D553-4B9F-AB9A-573BFBB0015C}.Debug|Any CPU.ActiveCfg = Debug|Any CPU
		{9AA8B1B6-D553-4B9F-AB9A-573BFBB0015C}.Debug|Any CPU.Build.0 = Debug|Any CPU
		{9AA8B1B6-D553-4B9F-AB9A-573BFBB0015C}.Release|Any CPU.ActiveCfg = Release|Any CPU
		{9AA8B1B6-D553-4B9F-AB9A-573BFBB0015C}.Release|Any CPU.Build.0 = Release|Any CPU
	EndGlobalSection
	GlobalSection(SolutionProperties) = preSolution
		HideSolutionNode = FALSE
	EndGlobalSection
	GlobalSection(ExtensibilityGlobals) = postSolution
		SolutionGuid = {580E603A-60F0-4827-96FF-5DB64173C912}
	EndGlobalSection
EndGlobal
